
Microsoft Visual Studio Solution File, Format Version 12.00
Project("{FAE04EC0-301F-11D3-BF4B-00C04F79EFBC}") = "LYMod", "LYMod.csproj", "{8E7F7AF1-02F5-4064-A39A-403A85E34B2E}"
EndProject
Global
	GlobalSection(SolutionConfigurationPlatforms) = preSolution
		Debug|Any CPU = Debug|Any CPU
		Release|Any CPU = Release|Any CPU
	EndGlobalSection
	GlobalSection(ProjectConfigurationPlatforms) = postSolution
		{8E7F7AF1-02F5-4064-A39A-403A85E34B2E}.Debug|Any CPU.ActiveCfg = Debug|Any CPU
		{8E7F7AF1-02F5-4064-A39A-403A85E34B2E}.Debug|Any CPU.Build.0 = Debug|Any CPU
		{8E7F7AF1-02F5-4064-A39A-403A85E34B2E}.Release|Any CPU.ActiveCfg = Release|Any CPU
		{8E7F7AF1-02F5-4064-A39A-403A85E34B2E}.Release|Any CPU.Build.0 = Release|Any CPU
	EndGlobalSection
EndGlobal
